
Microsoft Visual Studio Solution File, Format Version 12.00
# Visual Studio Version 16
VisualStudioVersion = 16.0.29102.190
MinimumVisualStudioVersion = 10.0.40219.1
Project("{FAE04EC0-301F-11D3-BF4B-00C04F79EFBC}") = "QL_QuanCF", "QL_QuanCF.csproj", "{194E8F6D-FD35-437D-B011-F38A37893719}"
EndProject
Global
	GlobalSection(SolutionConfigurationPlatforms) = preSolution
		Debug|Any CPU = Debug|Any CPU
		Release|Any CPU = Release|Any CPU
	EndGlobalSection
	GlobalSection(ProjectConfigurationPlatforms) = postSolution
		{194E8F6D-FD35-437D-B011-F38A37893719}.Debug|Any CPU.ActiveCfg = Debug|Any CPU
		{194E8F6D-FD35-437D-B011-F38A37893719}.Debug|Any CPU.Build.0 = Debug|Any CPU
		{194E8F6D-FD35-437D-B011-F38A37893719}.Release|Any CPU.ActiveCfg = Release|Any CPU
		{194E8F6D-FD35-437D-B011-F38A37893719}.Release|Any CPU.Build.0 = Release|Any CPU
	EndGlobalSection
	GlobalSection(SolutionProperties) = preSolution
		HideSolutionNode = FALSE
	EndGlobalSection
	GlobalSection(ExtensibilityGlobals) = postSolution
		SolutionGuid = {091A6340-BF25-4C6B-AD8E-6C2BD2B3FFFD}
	EndGlobalSection
EndGlobal
